
Microsoft Visual Studio Solution File, Format Version 12.00
# Visual Studio Version 16
VisualStudioVersion = 16.0.29009.5
MinimumVisualStudioVersion = 10.0.40219.1
Project("{9A19103F-16F7-4668-BE54-9A1E7A4F7556}") = "Domogeek.Net.Api", "Domogeek.Net.Api\Domogeek.Net.Api.csproj", "{2577EFD8-19CA-48B4-A644-DCA1C11D164F}"
EndProject
Project("{9A19103F-16F7-4668-BE54-9A1E7A4F7556}") = "TestHttpClient", "TestHttpClient\TestHttpClient.csproj", "{41872A35-B153-461C-BE1E-BAFC778EC2D4}"
EndProject
Project("{E53339B2-1760-4266-BCC7-CA923CBCF16C}") = "docker-compose", "docker-compose.dcproj", "{568FBE00-0B79-44EB-BF3F-0D13907F1116}"
EndProject
Global
	GlobalSection(SolutionConfigurationPlatforms) = preSolution
		Debug|Any CPU = Debug|Any CPU
		Release|Any CPU = Release|Any CPU
	EndGlobalSection
	GlobalSection(ProjectConfigurationPlatforms) = postSolution
		{2577EFD8-19CA-48B4-A644-DCA1C11D164F}.Debug|Any CPU.ActiveCfg = Debug|Any CPU
		{2577EFD8-19CA-48B4-A644-DCA1C11D164F}.Debug|Any CPU.Build.0 = Debug|Any CPU
		{2577EFD8-19CA-48B4-A644-DCA1C11D164F}.Release|Any CPU.ActiveCfg = Release|Any CPU
		{2577EFD8-19CA-48B4-A644-DCA1C11D164F}.Release|Any CPU.Build.0 = Release|Any CPU
		{41872A35-B153-461C-BE1E-BAFC778EC2D4}.Debug|Any CPU.ActiveCfg = Debug|Any CPU
		{41872A35-B153-461C-BE1E-BAFC778EC2D4}.Debug|Any CPU.Build.0 = Debug|Any CPU
		{41872A35-B153-461C-BE1E-BAFC778EC2D4}.Release|Any CPU.ActiveCfg = Release|Any CPU
		{41872A35-B153-461C-BE1E-BAFC778EC2D4}.Release|Any CPU.Build.0 = Release|Any CPU
		{568FBE00-0B79-44EB-BF3F-0D13907F1116}.Debug|Any CPU.ActiveCfg = Debug|Any CPU
		{568FBE00-0B79-44EB-BF3F-0D13907F1116}.Debug|Any CPU.Build.0 = Debug|Any CPU
		{568FBE00-0B79-44EB-BF3F-0D13907F1116}.Release|Any CPU.ActiveCfg = Release|Any CPU
		{568FBE00-0B79-44EB-BF3F-0D13907F1116}.Release|Any CPU.Build.0 = Release|Any CPU
	EndGlobalSection
	GlobalSection(SolutionProperties) = preSolution
		HideSolutionNode = FALSE
	EndGlobalSection
	GlobalSection(ExtensibilityGlobals) = postSolution
		SolutionGuid = {FC0E2B2A-5933-4EF7-AC16-D1770DD15F61}
	EndGlobalSection
EndGlobal
